
Microsoft Visual Studio Solution File, Format Version 12.00
# Visual Studio Version 16
VisualStudioVersion = 16.0.29409.12
MinimumVisualStudioVersion = 10.0.40219.1
Project("{FAE04EC0-301F-11D3-BF4B-00C04F79EFBC}") = "IVector.Test", "IVector\IVector.Test.csproj", "{83538D52-C053-43AF-81F8-7C6AC4B27F30}"
EndProject
Project("{FAE04EC0-301F-11D3-BF4B-00C04F79EFBC}") = "IVector.App", "IVector.App\IVector.App.csproj", "{8F8A9558-F5D8-4CBE-A0F1-FBAD3922FCEB}"
EndProject
Project("{FAE04EC0-301F-11D3-BF4B-00C04F79EFBC}") = "IVector.Common", "IVector.Common\IVector.Common.csproj", "{242C3F12-B584-404F-9D8D-96B38A9981FD}"
EndProject
Global
	GlobalSection(SolutionConfigurationPlatforms) = preSolution
		Debug|Any CPU = Debug|Any CPU
		Release|Any CPU = Release|Any CPU
	EndGlobalSection
	GlobalSection(ProjectConfigurationPlatforms) = postSolution
		{83538D52-C053-43AF-81F8-7C6AC4B27F30}.Debug|Any CPU.ActiveCfg = Debug|Any CPU
		{83538D52-C053-43AF-81F8-7C6AC4B27F30}.Debug|Any CPU.Build.0 = Debug|Any CPU
		{83538D52-C053-43AF-81F8-7C6AC4B27F30}.Release|Any CPU.ActiveCfg = Release|Any CPU
		{83538D52-C053-43AF-81F8-7C6AC4B27F30}.Release|Any CPU.Build.0 = Release|Any CPU
		{8F8A9558-F5D8-4CBE-A0F1-FBAD3922FCEB}.Debug|Any CPU.ActiveCfg = Debug|Any CPU
		{8F8A9558-F5D8-4CBE-A0F1-FBAD3922FCEB}.Debug|Any CPU.Build.0 = Debug|Any CPU
		{8F8A9558-F5D8-4CBE-A0F1-FBAD3922FCEB}.Release|Any CPU.ActiveCfg = Release|Any CPU
		{8F8A9558-F5D8-4CBE-A0F1-FBAD3922FCEB}.Release|Any CPU.Build.0 = Release|Any CPU
		{242C3F12-B584-404F-9D8D-96B38A9981FD}.Debug|Any CPU.ActiveCfg = Debug|Any CPU
		{242C3F12-B584-404F-9D8D-96B38A9981FD}.Debug|Any CPU.Build.0 = Debug|Any CPU
		{242C3F12-B584-404F-9D8D-96B38A9981FD}.Release|Any CPU.ActiveCfg = Release|Any CPU
		{242C3F12-B584-404F-9D8D-96B38A9981FD}.Release|Any CPU.Build.0 = Release|Any CPU
	EndGlobalSection
	GlobalSection(SolutionProperties) = preSolution
		HideSolutionNode = FALSE
	EndGlobalSection
	GlobalSection(ExtensibilityGlobals) = postSolution
		SolutionGuid = {C4A74630-7974-4CE9-BC76-77C504C9BDEF}
	EndGlobalSection
EndGlobal
